{
  "name": "@repo/types",
  "version": "1.0.0",
  "lockfileVersion": 3,
  "requires": true,
  "packages": {
    "": {
      "name": "@repo/types",
      "version": "1.0.0",
      "license": "ISC",
      "dependencies": {
        "@repo/types": "file:"
      }
    },
    "node_modules/@repo/types": {
      "resolved": "",
      "link": true
    }
  }
}
