{
  "name": "zapier",
  "lockfileVersion": 3,
  "requires": true,
  "packages": {
    "": {
      "name": "zapier",
      "dependencies": {
        "@prisma/client": "^6.5.0",
        "prisma": "^6.5.0",
        "zapier": "file:"
      },
      "devDependencies": {
        "prettier": "^3.5.3",
        "turbo": "^2.4.4",
        "typescript": "5.7.3"
      },
      "engines": {
        "node": ">=18"
      }
    },
    "node_modules/.pnpm/@eslint-community+eslint-utils@4.4.1_eslint@9.20.0/node_modules/@eslint-community/eslint-utils": {
      "version": "4.4.1",
      "extraneous": true,
      "license": "MIT",
      "dependencies": {
        "eslint-visitor-keys": "^3.4.3"
      },
      "devDependencies": {
        "@eslint-community/eslint-plugin-mysticatea": "^15.6.1",
        "c8": "^8.0.1",
        "dot-prop": "^7.2.0",
        "eslint": "^8.57.1",
        "installed-check": "^8.0.1",
        "knip": "^5.33.3",
        "mocha": "^9.2.2",
        "npm-run-all2": "^6.2.3",
        "opener": "^1.5.2",
        "prettier": "2.8.8",
        "rimraf": "^3.0.2",
        "rollup": "^2.79.2",
        "rollup-plugin-sourcemaps": "^0.6.3",
        "semver": "^7.6.3",
        "vitepress": "^1.4.1",
        "warun": "^1.0.0"
      },
      "engines": {
        "node": "^12.22.0 || ^14.17.0 || >=16.0.0"
      },
      "funding": {
        "url": "https://opencollective.com/eslint"
      },
      "peerDependencies": {
        "eslint": "^6.0.0 || ^7.0.0 || >=8.0.0"
      }
    },
    "node_modules/.pnpm/@eslint-community+regexpp@4.12.1/node_modules/@eslint-community/regexpp": {
      "version": "4.12.1",
      "extraneous": true,
      "license": "MIT",
      "devDependencies": {
        "@eslint-community/eslint-plugin-mysticatea": "^15.5.1",
        "@rollup/plugin-node-resolve": "^14.1.0",
        "@types/eslint": "^8.44.3",
        "@types/jsdom": "^16.2.15",
        "@types/mocha": "^9.1.1",
        "@types/node": "^12.20.55",
        "dts-bundle": "^0.7.3",
        "eslint": "^8.50.0",
        "js-tokens": "^8.0.2",
        "jsdom": "^19.0.0",
        "mocha": "^9.2.2",
        "npm-run-all2": "^6.2.2",
        "nyc": "^14.1.1",
        "rimraf": "^3.0.2",
        "rollup": "^2.79.1",
        "rollup-plugin-sourcemaps": "^0.6.3",
        "ts-node": "^10.9.1",
        "typescript": "~5.0.2"
      },
      "engines": {
        "node": "^12.0.0 || ^14.0.0 || >=16.0.0"
      }
    },
    "node_modules/.pnpm/@eslint+config-array@0.19.2/node_modules/@eslint/config-array": {
      "version": "0.19.2",
      "extraneous": true,
      "license": "Apache-2.0",
      "dependencies": {
        "@eslint/object-schema": "^2.1.6",
        "debug": "^4.3.1",
        "minimatch": "^3.1.2"
      },
      "devDependencies": {
        "@jsr/std__path": "^1.0.4",
        "@types/minimatch": "^3.0.5",
        "c8": "^9.1.0",
        "mocha": "^10.4.0",
        "rollup": "^4.16.2",
        "rollup-plugin-copy": "^3.5.0",
        "typescript": "^5.4.5"
      },
      "engines": {
        "node": "^18.18.0 || ^20.9.0 || >=21.1.0"
      }
    },
    "node_modules/.pnpm/@eslint+core@0.11.0/node_modules/@eslint/core": {
      "version": "0.11.0",
      "extraneous": true,
      "license": "Apache-2.0",
      "dependencies": {
        "@types/json-schema": "^7.0.15"
      },
      "devDependencies": {
        "json-schema": "^0.4.0",
        "typescript": "^5.4.5"
      },
      "engines": {
        "node": "^18.18.0 || ^20.9.0 || >=21.1.0"
      }
    },
    "node_modules/.pnpm/@eslint+eslintrc@3.2.0/node_modules/@eslint/eslintrc": {
      "version": "3.2.0",
      "extraneous": true,
      "license": "MIT",
      "dependencies": {
        "ajv": "^6.12.4",
        "debug": "^4.3.2",
        "espree": "^10.0.1",
        "globals": "^14.0.0",
        "ignore": "^5.2.0",
        "import-fresh": "^3.2.1",
        "js-yaml": "^4.1.0",
        "minimatch": "^3.1.2",
        "strip-json-comments": "^3.1.1"
      },
      "devDependencies": {
        "c8": "^7.7.3",
        "chai": "^4.3.4",
        "eslint": "^7.31.0",
        "eslint-config-eslint": "^7.0.0",
        "eslint-plugin-jsdoc": "^35.4.1",
        "eslint-plugin-node": "^11.1.0",
        "eslint-release": "^3.2.0",
        "fs-teardown": "^0.1.3",
        "mocha": "^9.0.3",
        "rollup": "^2.70.1",
        "shelljs": "^0.8.5",
        "sinon": "^11.1.2",
        "temp-dir": "^2.0.0"
      },
      "engines": {
        "node": "^18.18.0 || ^20.9.0 || >=21.1.0"
      },
      "funding": {
        "url": "https://opencollective.com/eslint"
      }
    },
    "node_modules/.pnpm/@eslint+js@9.20.0/node_modules/@eslint/js": {
      "version": "9.20.0",
      "extraneous": true,
      "license": "MIT",
      "engines": {
        "node": "^18.18.0 || ^20.9.0 || >=21.1.0"
      }
    },
    "node_modules/.pnpm/@eslint+object-schema@2.1.6/node_modules/@eslint/object-schema": {
      "version": "2.1.6",
      "extraneous": true,
      "license": "Apache-2.0",
      "devDependencies": {
        "c8": "^9.1.0",
        "mocha": "^10.4.0",
        "rollup": "^4.16.2",
        "rollup-plugin-copy": "^3.5.0",
        "typescript": "^5.4.5"
      },
      "engines": {
        "node": "^18.18.0 || ^20.9.0 || >=21.1.0"
      }
    },
    "node_modules/.pnpm/@eslint+plugin-kit@0.2.5/node_modules/@eslint/plugin-kit": {
      "version": "0.2.5",
      "extraneous": true,
      "license": "Apache-2.0",
      "dependencies": {
        "@eslint/core": "^0.10.0",
        "levn": "^0.4.1"
      },
      "devDependencies": {
        "@types/levn": "^0.4.0",
        "c8": "^9.1.0",
        "mocha": "^10.4.0",
        "rollup": "^4.16.2",
        "rollup-plugin-copy": "^3.5.0",
        "typescript": "^5.4.5"
      },
      "engines": {
        "node": "^18.18.0 || ^20.9.0 || >=21.1.0"
      }
    },
    "node_modules/.pnpm/@next+eslint-plugin-next@15.1.6/node_modules/@next/eslint-plugin-next": {
      "version": "15.1.6",
      "extraneous": true,
      "license": "MIT",
      "dependencies": {
        "fast-glob": "3.3.1"
      },
      "devDependencies": {
        "eslint": "8.56.0"
      }
    },
    "node_modules/.pnpm/@typescript-eslint+scope-manager@8.23.0/node_modules/@typescript-eslint/scope-manager": {
      "version": "8.23.0",
      "extraneous": true,
      "license": "MIT",
      "dependencies": {
        "@typescript-eslint/types": "8.23.0",
        "@typescript-eslint/visitor-keys": "8.23.0"
      },
      "devDependencies": {
        "@jest/types": "29.6.3",
        "@types/glob": "*",
        "@typescript-eslint/typescript-estree": "8.23.0",
        "glob": "*",
        "jest-specific-snapshot": "*",
        "make-dir": "*",
        "prettier": "^3.2.5",
        "pretty-format": "*",
        "typescript": "*"
      },
      "engines": {
        "node": "^18.18.0 || ^20.9.0 || >=21.1.0"
      },
      "funding": {
        "type": "opencollective",
        "url": "https://opencollective.com/typescript-eslint"
      }
    },
    "node_modules/.pnpm/@typescript-eslint+types@8.23.0/node_modules/@typescript-eslint/types": {
      "version": "8.23.0",
      "extraneous": true,
      "license": "MIT",
      "devDependencies": {
        "@jest/types": "29.6.3",
        "downlevel-dts": "*",
        "prettier": "^3.2.5",
        "rimraf": "*",
        "tsx": "*",
        "typescript": "*"
      },
      "engines": {
        "node": "^18.18.0 || ^20.9.0 || >=21.1.0"
      },
      "funding": {
        "type": "opencollective",
        "url": "https://opencollective.com/typescript-eslint"
      }
    },
    "node_modules/.pnpm/@typescript-eslint+visitor-keys@8.23.0/node_modules/@typescript-eslint/visitor-keys": {
      "version": "8.23.0",
      "extraneous": true,
      "license": "MIT",
      "dependencies": {
        "@typescript-eslint/types": "8.23.0",
        "eslint-visitor-keys": "^4.2.0"
      },
      "devDependencies": {
        "@jest/types": "29.6.3",
        "@types/eslint-visitor-keys": "*",
        "downlevel-dts": "*",
        "jest": "29.7.0",
        "prettier": "^3.2.5",
        "rimraf": "*",
        "typescript": "*"
      },
      "engines": {
        "node": "^18.18.0 || ^20.9.0 || >=21.1.0"
      },
      "funding": {
        "type": "opencollective",
        "url": "https://opencollective.com/typescript-eslint"
      }
    },
    "node_modules/.pnpm/eslint-config-prettier@10.0.1_eslint@9.20.0/node_modules/eslint-config-prettier": {
      "version": "10.0.1",
      "extraneous": true,
      "license": "MIT",
      "bin": {
        "eslint-config-prettier": "build/bin/cli.js"
      },
      "peerDependencies": {
        "eslint": ">=7.0.0"
      }
    },
    "node_modules/.pnpm/eslint-plugin-only-warn@1.1.0/node_modules/eslint-plugin-only-warn": {
      "version": "1.1.0",
      "extraneous": true,
      "license": "MIT",
      "devDependencies": {
        "eslint": "^7.31.0",
        "eslint-plugin-prettier": "^3.1.2",
        "jest": "^27.0.6",
        "prettier": "^2.3.2"
      },
      "engines": {
        "node": ">=6"
      }
    },
    "node_modules/.pnpm/eslint-plugin-react-hooks@5.1.0_eslint@9.20.0/node_modules/eslint-plugin-react-hooks": {
      "version": "5.1.0",
      "extraneous": true,
      "license": "MIT",
      "devDependencies": {
        "@babel/eslint-parser": "^7.11.4",
        "@typescript-eslint/parser-v2": "npm:@typescript-eslint/parser@^2.26.0",
        "@typescript-eslint/parser-v3": "npm:@typescript-eslint/parser@^3.10.0",
        "@typescript-eslint/parser-v4": "npm:@typescript-eslint/parser@^4.1.0",
        "@typescript-eslint/parser-v5": "npm:@typescript-eslint/parser@^5.0.0-0",
        "babel-eslint": "^10.0.3",
        "eslint-v7": "npm:eslint@^7.7.0",
        "eslint-v9": "npm:eslint@^9.0.0"
      },
      "engines": {
        "node": ">=10"
      },
      "peerDependencies": {
        "eslint": "^3.0.0 || ^4.0.0 || ^5.0.0 || ^6.0.0 || ^7.0.0 || ^8.0.0-0 || ^9.0.0"
      }
    },
    "node_modules/.pnpm/eslint-plugin-react@7.37.4_eslint@9.20.0/node_modules/eslint-plugin-react": {
      "version": "7.37.4",
      "extraneous": true,
      "license": "MIT",
      "dependencies": {
        "array-includes": "^3.1.8",
        "array.prototype.findlast": "^1.2.5",
        "array.prototype.flatmap": "^1.3.3",
        "array.prototype.tosorted": "^1.1.4",
        "doctrine": "^2.1.0",
        "es-iterator-helpers": "^1.2.1",
        "estraverse": "^5.3.0",
        "hasown": "^2.0.2",
        "jsx-ast-utils": "^2.4.1 || ^3.0.0",
        "minimatch": "^3.1.2",
        "object.entries": "^1.1.8",
        "object.fromentries": "^2.0.8",
        "object.values": "^1.2.1",
        "prop-types": "^15.8.1",
        "resolve": "^2.0.0-next.5",
        "semver": "^6.3.1",
        "string.prototype.matchall": "^4.0.12",
        "string.prototype.repeat": "^1.0.0"
      },
      "devDependencies": {
        "@babel/core": "^7.26.0",
        "@babel/eslint-parser": "^7.26.5",
        "@babel/plugin-syntax-decorators": "^7.25.9",
        "@babel/plugin-syntax-do-expressions": "^7.25.9",
        "@babel/plugin-syntax-function-bind": "^7.25.9",
        "@babel/preset-react": "^7.26.3",
        "@types/eslint": "=7.2.10",
        "@types/estree": "0.0.52",
        "@types/node": "^4.9.5",
        "@typescript-eslint/parser": "^2.34.0 || ^3.10.1 || ^4 || ^5 || ^6.20 || ^7.14.1 || 8.4 - 8.17",
        "babel-eslint": "^8 || ^9 || ^10.1.0",
        "eslint": "^3 || ^4 || ^5 || ^6 || ^7 || ^8 || ^9.7",
        "eslint-config-airbnb-base": "^15.0.0",
        "eslint-doc-generator": "^1.7.1",
        "eslint-plugin-eslint-plugin": "^2.3.0 || ^3.5.3 || ^4.0.1 || ^5.0.5",
        "eslint-plugin-import": "^2.31.0",
        "eslint-remote-tester": "^3.0.1",
        "eslint-remote-tester-repositories": "^1.0.1",
        "eslint-scope": "^3.7.3",
        "espree": "^3.5.4",
        "gfm-footnotes": "^1.0.1",
        "glob": "=10.3.7",
        "istanbul": "^0.4.5",
        "jackspeak": "=2.1.1",
        "ls-engines": "^0.8.1",
        "markdownlint-cli": "^0.8.0 || ^0.32.2",
        "mocha": "^5.2.0",
        "npmignore": "^0.3.1",
        "sinon": "^7.5.0",
        "typescript": "^3.9.9",
        "typescript-eslint-parser": "^20.1.1"
      },
      "engines": {
        "node": ">=4"
      },
      "peerDependencies": {
        "eslint": "^3 || ^4 || ^5 || ^6 || ^7 || ^8 || ^9.7"
      }
    },
    "node_modules/.pnpm/eslint-plugin-turbo@2.4.0_eslint@9.20.0_turbo@2.4.2/node_modules/eslint-plugin-turbo": {
      "version": "2.4.0",
      "extraneous": true,
      "license": "MIT",
      "dependencies": {
        "dotenv": "16.0.3"
      },
      "devDependencies": {
        "@jest/globals": "^29.7.0",
        "@turbo/eslint-config": "0.0.0",
        "@turbo/test-utils": "0.0.0",
        "@turbo/tsconfig": "0.0.0",
        "@turbo/types": "2.4.0",
        "@turbo/utils": "0.0.0",
        "@types/eslint": "^8.56.10",
        "@types/estree": "^1.0.1",
        "@types/node": "^18.17.2",
        "jest": "^29.7.0",
        "json5": "^2.2.1",
        "ts-jest": "^29.2.5",
        "tsup": "^6.2.0",
        "typescript": "5.5.4"
      },
      "peerDependencies": {
        "eslint": ">6.6.0",
        "turbo": ">2.0.0"
      }
    },
    "node_modules/.pnpm/eslint-scope@8.2.0": {
      "extraneous": true
    },
    "node_modules/.pnpm/eslint-visitor-keys@4.2.0/node_modules/eslint-visitor-keys": {
      "version": "4.2.0",
      "extraneous": true,
      "license": "Apache-2.0",
      "devDependencies": {
        "@types/estree": "^0.0.51",
        "@types/estree-jsx": "^0.0.1",
        "@typescript-eslint/parser": "^8.7.0",
        "c8": "^7.11.0",
        "chai": "^4.3.6",
        "eslint-release": "^3.2.0",
        "esquery": "^1.4.0",
        "json-diff": "^0.7.3",
        "mocha": "^9.2.1",
        "opener": "^1.5.2",
        "rollup": "^4.22.4",
        "rollup-plugin-dts": "^6.1.1",
        "tsd": "^0.31.2",
        "typescript": "^5.6.2"
      },
      "engines": {
        "node": "^18.18.0 || ^20.9.0 || >=21.1.0"
      },
      "funding": {
        "url": "https://opencollective.com/eslint"
      }
    },
    "node_modules/.pnpm/eslint@9.20.0/node_modules/eslint": {
      "version": "9.20.0",
      "extraneous": true,
      "license": "MIT",
      "dependencies": {
        "@eslint-community/eslint-utils": "^4.2.0",
        "@eslint-community/regexpp": "^4.12.1",
        "@eslint/config-array": "^0.19.0",
        "@eslint/core": "^0.11.0",
        "@eslint/eslintrc": "^3.2.0",
        "@eslint/js": "9.20.0",
        "@eslint/plugin-kit": "^0.2.5",
        "@humanfs/node": "^0.16.6",
        "@humanwhocodes/module-importer": "^1.0.1",
        "@humanwhocodes/retry": "^0.4.1",
        "@types/estree": "^1.0.6",
        "@types/json-schema": "^7.0.15",
        "ajv": "^6.12.4",
        "chalk": "^4.0.0",
        "cross-spawn": "^7.0.6",
        "debug": "^4.3.2",
        "escape-string-regexp": "^4.0.0",
        "eslint-scope": "^8.2.0",
        "eslint-visitor-keys": "^4.2.0",
        "espree": "^10.3.0",
        "esquery": "^1.5.0",
        "esutils": "^2.0.2",
        "fast-deep-equal": "^3.1.3",
        "file-entry-cache": "^8.0.0",
        "find-up": "^5.0.0",
        "glob-parent": "^6.0.2",
        "ignore": "^5.2.0",
        "imurmurhash": "^0.1.4",
        "is-glob": "^4.0.0",
        "json-stable-stringify-without-jsonify": "^1.0.1",
        "lodash.merge": "^4.6.2",
        "minimatch": "^3.1.2",
        "natural-compare": "^1.4.0",
        "optionator": "^0.9.3"
      },
      "bin": {
        "eslint": "bin/eslint.js"
      },
      "devDependencies": {
        "@arethetypeswrong/cli": "^0.17.0",
        "@babel/core": "^7.4.3",
        "@babel/preset-env": "^7.4.3",
        "@eslint/json": "^0.10.0",
        "@trunkio/launcher": "^1.3.0",
        "@types/node": "^20.11.5",
        "@typescript-eslint/parser": "^8.4.0",
        "@wdio/browser-runner": "^9.2.4",
        "@wdio/cli": "^9.2.4",
        "@wdio/concise-reporter": "^9.2.2",
        "@wdio/mocha-framework": "^9.2.2",
        "babel-loader": "^8.0.5",
        "c8": "^7.12.0",
        "chai": "^4.0.1",
        "cheerio": "^0.22.0",
        "common-tags": "^1.8.0",
        "core-js": "^3.1.3",
        "ejs": "^3.0.2",
        "eslint": "file:.",
        "eslint-config-eslint": "file:packages/eslint-config-eslint",
        "eslint-plugin-eslint-plugin": "^6.0.0",
        "eslint-plugin-expect-type": "^0.6.0",
        "eslint-plugin-yml": "^1.14.0",
        "eslint-release": "^3.3.0",
        "eslint-rule-composer": "^0.3.0",
        "eslump": "^3.0.0",
        "esprima": "^4.0.1",
        "fast-glob": "^3.2.11",
        "fs-teardown": "^0.1.3",
        "glob": "^10.0.0",
        "globals": "^15.0.0",
        "got": "^11.8.3",
        "gray-matter": "^4.0.3",
        "jiti": "^2.1.0",
        "knip": "^5.32.0",
        "lint-staged": "^11.0.0",
        "load-perf": "^0.2.0",
        "markdown-it": "^12.2.0",
        "markdown-it-container": "^3.0.0",
        "marked": "^4.0.8",
        "metascraper": "^5.25.7",
        "metascraper-description": "^5.25.7",
        "metascraper-image": "^5.29.3",
        "metascraper-logo": "^5.25.7",
        "metascraper-logo-favicon": "^5.25.7",
        "metascraper-title": "^5.25.7",
        "mocha": "^10.7.3",
        "node-polyfill-webpack-plugin": "^1.0.3",
        "npm-license": "^0.3.3",
        "pirates": "^4.0.5",
        "progress": "^2.0.3",
        "proxyquire": "^2.0.1",
        "recast": "^0.23.0",
        "regenerator-runtime": "^0.14.0",
        "rollup-plugin-node-polyfills": "^0.2.1",
        "semver": "^7.5.3",
        "shelljs": "^0.8.5",
        "sinon": "^11.0.0",
        "typescript": "^5.3.3",
        "vite-plugin-commonjs": "^0.10.0",
        "webpack": "^5.23.0",
        "webpack-cli": "^4.5.0",
        "yorkie": "^2.0.0"
      },
      "engines": {
        "node": "^18.18.0 || ^20.9.0 || >=21.1.0"
      },
      "funding": {
        "url": "https://eslint.org/donate"
      },
      "peerDependencies": {
        "jiti": "*"
      },
      "peerDependenciesMeta": {
        "jiti": {
          "optional": true
        }
      }
    },
    "node_modules/.pnpm/eslint@9.20.0/node_modules/eslint/packages/eslint-config-eslint": {
      "extraneous": true
    },
    "node_modules/.pnpm/esrecurse@4.3.0/node_modules/esrecurse": {
      "version": "4.3.0",
      "extraneous": true,
      "license": "BSD-2-Clause",
      "dependencies": {
        "estraverse": "^5.2.0"
      },
      "devDependencies": {
        "babel-cli": "^6.24.1",
        "babel-eslint": "^7.2.3",
        "babel-preset-es2015": "^6.24.1",
        "babel-register": "^6.24.1",
        "chai": "^4.0.2",
        "esprima": "^4.0.0",
        "gulp": "^3.9.0",
        "gulp-bump": "^2.7.0",
        "gulp-eslint": "^4.0.0",
        "gulp-filter": "^5.0.0",
        "gulp-git": "^2.4.1",
        "gulp-mocha": "^4.3.1",
        "gulp-tag-version": "^1.2.1",
        "jsdoc": "^3.3.0-alpha10",
        "minimist": "^1.1.0"
      },
      "engines": {
        "node": ">=4.0"
      }
    },
    "node_modules/.pnpm/estraverse@5.3.0/node_modules/estraverse": {
      "version": "5.3.0",
      "extraneous": true,
      "license": "BSD-2-Clause",
      "devDependencies": {
        "babel-preset-env": "^1.6.1",
        "babel-register": "^6.3.13",
        "chai": "^2.1.1",
        "espree": "^1.11.0",
        "gulp": "^3.8.10",
        "gulp-bump": "^0.2.2",
        "gulp-filter": "^2.0.0",
        "gulp-git": "^1.0.1",
        "gulp-tag-version": "^1.3.0",
        "jshint": "^2.5.6",
        "mocha": "^2.1.0"
      },
      "engines": {
        "node": ">=4.0"
      }
    },
    "node_modules/.pnpm/globals@15.14.0/node_modules/globals": {
      "version": "15.14.0",
      "extraneous": true,
      "license": "MIT",
      "devDependencies": {
        "@vitest/eslint-plugin": "^1.1.18",
        "ava": "^6.1.3",
        "cheerio": "^1.0.0-rc.12",
        "eslint-plugin-jest": "^28.8.3",
        "execa": "^9.4.0",
        "get-port": "^7.1.0",
        "npm-run-all2": "^6.2.3",
        "outdent": "^0.8.0",
        "puppeteer": "^23.4.1",
        "shelljs": "^0.8.5",
        "tsd": "^0.31.2",
        "type-fest": "^4.26.1",
        "xo": "^0.59.3"
      },
      "engines": {
        "node": ">=18"
      },
      "funding": {
        "url": "https://github.com/sponsors/sindresorhus"
      }
    },
    "node_modules/.pnpm/prettier@3.5.0/node_modules/prettier": {
      "version": "3.5.0",
      "extraneous": true,
      "license": "MIT",
      "bin": {
        "prettier": "bin/prettier.cjs"
      },
      "engines": {
        "node": ">=14"
      },
      "funding": {
        "url": "https://github.com/prettier/prettier?sponsor=1"
      }
    },
    "node_modules/.pnpm/typescript-eslint@8.23.0_eslint@9.20.0_typescript@5.7.3/node_modules/typescript-eslint": {
      "version": "8.23.0",
      "extraneous": true,
      "license": "MIT",
      "dependencies": {
        "@typescript-eslint/eslint-plugin": "8.23.0",
        "@typescript-eslint/parser": "8.23.0",
        "@typescript-eslint/utils": "8.23.0"
      },
      "devDependencies": {
        "@jest/types": "29.6.3",
        "downlevel-dts": "*",
        "jest": "29.7.0",
        "prettier": "^3.2.5",
        "rimraf": "*",
        "typescript": "*"
      },
      "engines": {
        "node": "^18.18.0 || ^20.9.0 || >=21.1.0"
      },
      "funding": {
        "type": "opencollective",
        "url": "https://opencollective.com/typescript-eslint"
      },
      "peerDependencies": {
        "eslint": "^8.57.0 || ^9.0.0",
        "typescript": ">=4.8.4 <5.8.0"
      }
    },
    "node_modules/.pnpm/typescript@5.7.3/node_modules/typescript": {
      "version": "5.7.3",
      "extraneous": true,
      "license": "Apache-2.0",
      "bin": {
        "tsc": "bin/tsc",
        "tsserver": "bin/tsserver"
      },
      "devDependencies": {
        "@dprint/formatter": "^0.4.1",
        "@dprint/typescript": "0.93.0",
        "@esfx/canceltoken": "^1.0.0",
        "@eslint/js": "^9.11.1",
        "@octokit/rest": "^21.0.2",
        "@types/chai": "^4.3.20",
        "@types/diff": "^5.2.2",
        "@types/minimist": "^1.2.5",
        "@types/mocha": "^10.0.8",
        "@types/ms": "^0.7.34",
        "@types/node": "latest",
        "@types/source-map-support": "^0.5.10",
        "@types/which": "^3.0.4",
        "@typescript-eslint/rule-tester": "^8.8.0",
        "@typescript-eslint/type-utils": "^8.8.0",
        "@typescript-eslint/utils": "^8.8.0",
        "azure-devops-node-api": "^14.1.0",
        "c8": "^10.1.2",
        "chai": "^4.5.0",
        "chalk": "^4.1.2",
        "chokidar": "^3.6.0",
        "diff": "^5.2.0",
        "dprint": "^0.47.2",
        "esbuild": "^0.24.0",
        "eslint": "^9.11.1",
        "eslint-formatter-autolinkable-stylish": "^1.4.0",
        "eslint-plugin-regexp": "^2.6.0",
        "fast-xml-parser": "^4.5.0",
        "glob": "^10.4.5",
        "globals": "^15.9.0",
        "hereby": "^1.10.0",
        "jsonc-parser": "^3.3.1",
        "knip": "^5.30.6",
        "minimist": "^1.2.8",
        "mocha": "^10.7.3",
        "mocha-fivemat-progress-reporter": "^0.1.0",
        "monocart-coverage-reports": "^2.11.0",
        "ms": "^2.1.3",
        "playwright": "^1.47.2",
        "source-map-support": "^0.5.21",
        "tslib": "^2.7.0",
        "typescript": "^5.6.2",
        "typescript-eslint": "^8.8.0",
        "which": "^3.0.1"
      },
      "engines": {
        "node": ">=14.17"
      }
    },
    "node_modules/@prisma/client": {
      "version": "6.5.0",
      "resolved": "https://registry.npmjs.org/@prisma/client/-/client-6.5.0.tgz",
      "integrity": "sha512-M6w1Ql/BeiGoZmhMdAZUXHu5sz5HubyVcKukbLs3l0ELcQb8hTUJxtGEChhv4SVJ0QJlwtLnwOLgIRQhpsm9dw==",
      "hasInstallScript": true,
      "license": "Apache-2.0",
      "engines": {
        "node": ">=18.18"
      },
      "peerDependencies": {
        "prisma": "*",
        "typescript": ">=5.1.0"
      },
      "peerDependenciesMeta": {
        "prisma": {
          "optional": true
        },
        "typescript": {
          "optional": true
        }
      }
    },
    "node_modules/@prisma/config": {
      "version": "6.5.0",
      "resolved": "https://registry.npmjs.org/@prisma/config/-/config-6.5.0.tgz",
      "integrity": "sha512-sOH/2Go9Zer67DNFLZk6pYOHj+rumSb0VILgltkoxOjYnlLqUpHPAN826vnx8HigqnOCxj9LRhT6U7uLiIIWgw==",
      "license": "Apache-2.0",
      "dependencies": {
        "esbuild": ">=0.12 <1",
        "esbuild-register": "3.6.0"
      }
    },
    "node_modules/@prisma/debug": {
      "version": "6.5.0",
      "resolved": "https://registry.npmjs.org/@prisma/debug/-/debug-6.5.0.tgz",
      "integrity": "sha512-fc/nusYBlJMzDmDepdUtH9aBsJrda2JNErP9AzuHbgUEQY0/9zQYZdNlXmKoIWENtio+qarPNe/+DQtrX5kMcQ==",
      "license": "Apache-2.0"
    },
    "node_modules/@prisma/engines": {
      "version": "6.5.0",
      "resolved": "https://registry.npmjs.org/@prisma/engines/-/engines-6.5.0.tgz",
      "integrity": "sha512-FVPQYHgOllJklN9DUyujXvh3hFJCY0NX86sDmBErLvoZjy2OXGiZ5FNf3J/C4/RZZmCypZBYpBKEhx7b7rEsdw==",
      "hasInstallScript": true,
      "license": "Apache-2.0",
      "dependencies": {
        "@prisma/debug": "6.5.0",
        "@prisma/engines-version": "6.5.0-73.173f8d54f8d52e692c7e27e72a88314ec7aeff60",
        "@prisma/fetch-engine": "6.5.0",
        "@prisma/get-platform": "6.5.0"
      }
    },
    "node_modules/@prisma/engines-version": {
      "version": "6.5.0-73.173f8d54f8d52e692c7e27e72a88314ec7aeff60",
      "resolved": "https://registry.npmjs.org/@prisma/engines-version/-/engines-version-6.5.0-73.173f8d54f8d52e692c7e27e72a88314ec7aeff60.tgz",
      "integrity": "sha512-iK3EmiVGFDCmXjSpdsKGNqy9hOdLnvYBrJB61far/oP03hlIxrb04OWmDjNTwtmZ3UZdA5MCvI+f+3k2jPTflQ==",
      "license": "Apache-2.0"
    },
    "node_modules/@prisma/fetch-engine": {
      "version": "6.5.0",
      "resolved": "https://registry.npmjs.org/@prisma/fetch-engine/-/fetch-engine-6.5.0.tgz",
      "integrity": "sha512-3LhYA+FXP6pqY8FLHCjewyE8pGXXJ7BxZw2rhPq+CZAhvflVzq4K8Qly3OrmOkn6wGlz79nyLQdknyCG2HBTuA==",
      "license": "Apache-2.0",
      "dependencies": {
        "@prisma/debug": "6.5.0",
        "@prisma/engines-version": "6.5.0-73.173f8d54f8d52e692c7e27e72a88314ec7aeff60",
        "@prisma/get-platform": "6.5.0"
      }
    },
    "node_modules/@prisma/get-platform": {
      "version": "6.5.0",
      "resolved": "https://registry.npmjs.org/@prisma/get-platform/-/get-platform-6.5.0.tgz",
      "integrity": "sha512-xYcvyJwNMg2eDptBYFqFLUCfgi+wZLcj6HDMsj0Qw0irvauG4IKmkbywnqwok0B+k+W+p+jThM2DKTSmoPCkzw==",
      "license": "Apache-2.0",
      "dependencies": {
        "@prisma/debug": "6.5.0"
      }
    },
    "node_modules/debug": {
      "version": "4.4.0",
      "resolved": "https://registry.npmjs.org/debug/-/debug-4.4.0.tgz",
      "integrity": "sha512-6WTZ/IxCY/T6BALoZHaE4ctp9xm+Z5kY/pzYaCHRFeyVhojxlrm+46y68HA6hr0TcwEssoxNiDEUJQjfPZ/RYA==",
      "license": "MIT",
      "dependencies": {
        "ms": "^2.1.3"
      },
      "engines": {
        "node": ">=6.0"
      },
      "peerDependenciesMeta": {
        "supports-color": {
          "optional": true
        }
      }
    },
    "node_modules/esbuild": {
      "version": "0.25.1",
      "resolved": "https://registry.npmjs.org/esbuild/-/esbuild-0.25.1.tgz",
      "integrity": "sha512-BGO5LtrGC7vxnqucAe/rmvKdJllfGaYWdyABvyMoXQlfYMb2bbRuReWR5tEGE//4LcNJj9XrkovTqNYRFZHAMQ==",
      "hasInstallScript": true,
      "license": "MIT",
      "bin": {
        "esbuild": "bin/esbuild"
      },
      "engines": {
        "node": ">=18"
      },
      "optionalDependencies": {
        "@esbuild/aix-ppc64": "0.25.1",
        "@esbuild/android-arm": "0.25.1",
        "@esbuild/android-arm64": "0.25.1",
        "@esbuild/android-x64": "0.25.1",
        "@esbuild/darwin-arm64": "0.25.1",
        "@esbuild/darwin-x64": "0.25.1",
        "@esbuild/freebsd-arm64": "0.25.1",
        "@esbuild/freebsd-x64": "0.25.1",
        "@esbuild/linux-arm": "0.25.1",
        "@esbuild/linux-arm64": "0.25.1",
        "@esbuild/linux-ia32": "0.25.1",
        "@esbuild/linux-loong64": "0.25.1",
        "@esbuild/linux-mips64el": "0.25.1",
        "@esbuild/linux-ppc64": "0.25.1",
        "@esbuild/linux-riscv64": "0.25.1",
        "@esbuild/linux-s390x": "0.25.1",
        "@esbuild/linux-x64": "0.25.1",
        "@esbuild/netbsd-arm64": "0.25.1",
        "@esbuild/netbsd-x64": "0.25.1",
        "@esbuild/openbsd-arm64": "0.25.1",
        "@esbuild/openbsd-x64": "0.25.1",
        "@esbuild/sunos-x64": "0.25.1",
        "@esbuild/win32-arm64": "0.25.1",
        "@esbuild/win32-ia32": "0.25.1",
        "@esbuild/win32-x64": "0.25.1"
      }
    },
    "node_modules/esbuild-register": {
      "version": "3.6.0",
      "resolved": "https://registry.npmjs.org/esbuild-register/-/esbuild-register-3.6.0.tgz",
      "integrity": "sha512-H2/S7Pm8a9CL1uhp9OvjwrBh5Pvx0H8qVOxNu8Wed9Y7qv56MPtq+GGM8RJpq6glYJn9Wspr8uw7l55uyinNeg==",
      "license": "MIT",
      "dependencies": {
        "debug": "^4.3.4"
      },
      "peerDependencies": {
        "esbuild": ">=0.12 <1"
      }
    },
    "node_modules/esbuild/node_modules/@esbuild/aix-ppc64": {
      "version": "0.25.1",
      "resolved": "https://registry.npmjs.org/@esbuild/aix-ppc64/-/aix-ppc64-0.25.1.tgz",
      "integrity": "sha512-kfYGy8IdzTGy+z0vFGvExZtxkFlA4zAxgKEahG9KE1ScBjpQnFsNOX8KTU5ojNru5ed5CVoJYXFtoxaq5nFbjQ==",
      "cpu": [
        "ppc64"
      ],
      "license": "MIT",
      "optional": true,
      "os": [
        "aix"
      ],
      "engines": {
        "node": ">=18"
      }
    },
    "node_modules/esbuild/node_modules/@esbuild/android-arm": {
      "version": "0.25.1",
      "resolved": "https://registry.npmjs.org/@esbuild/android-arm/-/android-arm-0.25.1.tgz",
      "integrity": "sha512-dp+MshLYux6j/JjdqVLnMglQlFu+MuVeNrmT5nk6q07wNhCdSnB7QZj+7G8VMUGh1q+vj2Bq8kRsuyA00I/k+Q==",
      "cpu": [
        "arm"
      ],
      "license": "MIT",
      "optional": true,
      "os": [
        "android"
      ],
      "engines": {
        "node": ">=18"
      }
    },
    "node_modules/esbuild/node_modules/@esbuild/android-arm64": {
      "version": "0.25.1",
      "resolved": "https://registry.npmjs.org/@esbuild/android-arm64/-/android-arm64-0.25.1.tgz",
      "integrity": "sha512-50tM0zCJW5kGqgG7fQ7IHvQOcAn9TKiVRuQ/lN0xR+T2lzEFvAi1ZcS8DiksFcEpf1t/GYOeOfCAgDHFpkiSmA==",
      "cpu": [
        "arm64"
      ],
      "license": "MIT",
      "optional": true,
      "os": [
        "android"
      ],
      "engines": {
        "node": ">=18"
      }
    },
    "node_modules/esbuild/node_modules/@esbuild/android-x64": {
      "version": "0.25.1",
      "resolved": "https://registry.npmjs.org/@esbuild/android-x64/-/android-x64-0.25.1.tgz",
      "integrity": "sha512-GCj6WfUtNldqUzYkN/ITtlhwQqGWu9S45vUXs7EIYf+7rCiiqH9bCloatO9VhxsL0Pji+PF4Lz2XXCES+Q8hDw==",
      "cpu": [
        "x64"
      ],
      "license": "MIT",
      "optional": true,
      "os": [
        "android"
      ],
      "engines": {
        "node": ">=18"
      }
    },
    "node_modules/esbuild/node_modules/@esbuild/darwin-arm64": {
      "version": "0.25.1",
      "resolved": "https://registry.npmjs.org/@esbuild/darwin-arm64/-/darwin-arm64-0.25.1.tgz",
      "integrity": "sha512-5hEZKPf+nQjYoSr/elb62U19/l1mZDdqidGfmFutVUjjUZrOazAtwK+Kr+3y0C/oeJfLlxo9fXb1w7L+P7E4FQ==",
      "cpu": [
        "arm64"
      ],
      "license": "MIT",
      "optional": true,
      "os": [
        "darwin"
      ],
      "engines": {
        "node": ">=18"
      }
    },
    "node_modules/esbuild/node_modules/@esbuild/darwin-x64": {
      "version": "0.25.1",
      "resolved": "https://registry.npmjs.org/@esbuild/darwin-x64/-/darwin-x64-0.25.1.tgz",
      "integrity": "sha512-hxVnwL2Dqs3fM1IWq8Iezh0cX7ZGdVhbTfnOy5uURtao5OIVCEyj9xIzemDi7sRvKsuSdtCAhMKarxqtlyVyfA==",
      "cpu": [
        "x64"
      ],
      "license": "MIT",
      "optional": true,
      "os": [
        "darwin"
      ],
      "engines": {
        "node": ">=18"
      }
    },
    "node_modules/esbuild/node_modules/@esbuild/freebsd-arm64": {
      "version": "0.25.1",
      "resolved": "https://registry.npmjs.org/@esbuild/freebsd-arm64/-/freebsd-arm64-0.25.1.tgz",
      "integrity": "sha512-1MrCZs0fZa2g8E+FUo2ipw6jw5qqQiH+tERoS5fAfKnRx6NXH31tXBKI3VpmLijLH6yriMZsxJtaXUyFt/8Y4A==",
      "cpu": [
        "arm64"
      ],
      "license": "MIT",
      "optional": true,
      "os": [
        "freebsd"
      ],
      "engines": {
        "node": ">=18"
      }
    },
    "node_modules/esbuild/node_modules/@esbuild/freebsd-x64": {
      "version": "0.25.1",
      "resolved": "https://registry.npmjs.org/@esbuild/freebsd-x64/-/freebsd-x64-0.25.1.tgz",
      "integrity": "sha512-0IZWLiTyz7nm0xuIs0q1Y3QWJC52R8aSXxe40VUxm6BB1RNmkODtW6LHvWRrGiICulcX7ZvyH6h5fqdLu4gkww==",
      "cpu": [
        "x64"
      ],
      "license": "MIT",
      "optional": true,
      "os": [
        "freebsd"
      ],
      "engines": {
        "node": ">=18"
      }
    },
    "node_modules/esbuild/node_modules/@esbuild/linux-arm": {
      "version": "0.25.1",
      "resolved": "https://registry.npmjs.org/@esbuild/linux-arm/-/linux-arm-0.25.1.tgz",
      "integrity": "sha512-NdKOhS4u7JhDKw9G3cY6sWqFcnLITn6SqivVArbzIaf3cemShqfLGHYMx8Xlm/lBit3/5d7kXvriTUGa5YViuQ==",
      "cpu": [
        "arm"
      ],
      "license": "MIT",
      "optional": true,
      "os": [
        "linux"
      ],
      "engines": {
        "node": ">=18"
      }
    },
    "node_modules/esbuild/node_modules/@esbuild/linux-arm64": {
      "version": "0.25.1",
      "resolved": "https://registry.npmjs.org/@esbuild/linux-arm64/-/linux-arm64-0.25.1.tgz",
      "integrity": "sha512-jaN3dHi0/DDPelk0nLcXRm1q7DNJpjXy7yWaWvbfkPvI+7XNSc/lDOnCLN7gzsyzgu6qSAmgSvP9oXAhP973uQ==",
      "cpu": [
        "arm64"
      ],
      "license": "MIT",
      "optional": true,
      "os": [
        "linux"
      ],
      "engines": {
        "node": ">=18"
      }
    },
    "node_modules/esbuild/node_modules/@esbuild/linux-ia32": {
      "version": "0.25.1",
      "resolved": "https://registry.npmjs.org/@esbuild/linux-ia32/-/linux-ia32-0.25.1.tgz",
      "integrity": "sha512-OJykPaF4v8JidKNGz8c/q1lBO44sQNUQtq1KktJXdBLn1hPod5rE/Hko5ugKKZd+D2+o1a9MFGUEIUwO2YfgkQ==",
      "cpu": [
        "ia32"
      ],
      "license": "MIT",
      "optional": true,
      "os": [
        "linux"
      ],
      "engines": {
        "node": ">=18"
      }
    },
    "node_modules/esbuild/node_modules/@esbuild/linux-loong64": {
      "version": "0.25.1",
      "resolved": "https://registry.npmjs.org/@esbuild/linux-loong64/-/linux-loong64-0.25.1.tgz",
      "integrity": "sha512-nGfornQj4dzcq5Vp835oM/o21UMlXzn79KobKlcs3Wz9smwiifknLy4xDCLUU0BWp7b/houtdrgUz7nOGnfIYg==",
      "cpu": [
        "loong64"
      ],
      "license": "MIT",
      "optional": true,
      "os": [
        "linux"
      ],
      "engines": {
        "node": ">=18"
      }
    },
    "node_modules/esbuild/node_modules/@esbuild/linux-mips64el": {
      "version": "0.25.1",
      "resolved": "https://registry.npmjs.org/@esbuild/linux-mips64el/-/linux-mips64el-0.25.1.tgz",
      "integrity": "sha512-1osBbPEFYwIE5IVB/0g2X6i1qInZa1aIoj1TdL4AaAb55xIIgbg8Doq6a5BzYWgr+tEcDzYH67XVnTmUzL+nXg==",
      "cpu": [
        "mips64el"
      ],
      "license": "MIT",
      "optional": true,
      "os": [
        "linux"
      ],
      "engines": {
        "node": ">=18"
      }
    },
    "node_modules/esbuild/node_modules/@esbuild/linux-ppc64": {
      "version": "0.25.1",
      "resolved": "https://registry.npmjs.org/@esbuild/linux-ppc64/-/linux-ppc64-0.25.1.tgz",
      "integrity": "sha512-/6VBJOwUf3TdTvJZ82qF3tbLuWsscd7/1w+D9LH0W/SqUgM5/JJD0lrJ1fVIfZsqB6RFmLCe0Xz3fmZc3WtyVg==",
      "cpu": [
        "ppc64"
      ],
      "license": "MIT",
      "optional": true,
      "os": [
        "linux"
      ],
      "engines": {
        "node": ">=18"
      }
    },
    "node_modules/esbuild/node_modules/@esbuild/linux-riscv64": {
      "version": "0.25.1",
      "resolved": "https://registry.npmjs.org/@esbuild/linux-riscv64/-/linux-riscv64-0.25.1.tgz",
      "integrity": "sha512-nSut/Mx5gnilhcq2yIMLMe3Wl4FK5wx/o0QuuCLMtmJn+WeWYoEGDN1ipcN72g1WHsnIbxGXd4i/MF0gTcuAjQ==",
      "cpu": [
        "riscv64"
      ],
      "license": "MIT",
      "optional": true,
      "os": [
        "linux"
      ],
      "engines": {
        "node": ">=18"
      }
    },
    "node_modules/esbuild/node_modules/@esbuild/linux-s390x": {
      "version": "0.25.1",
      "resolved": "https://registry.npmjs.org/@esbuild/linux-s390x/-/linux-s390x-0.25.1.tgz",
      "integrity": "sha512-cEECeLlJNfT8kZHqLarDBQso9a27o2Zd2AQ8USAEoGtejOrCYHNtKP8XQhMDJMtthdF4GBmjR2au3x1udADQQQ==",
      "cpu": [
        "s390x"
      ],
      "license": "MIT",
      "optional": true,
      "os": [
        "linux"
      ],
      "engines": {
        "node": ">=18"
      }
    },
    "node_modules/esbuild/node_modules/@esbuild/linux-x64": {
      "version": "0.25.1",
      "resolved": "https://registry.npmjs.org/@esbuild/linux-x64/-/linux-x64-0.25.1.tgz",
      "integrity": "sha512-xbfUhu/gnvSEg+EGovRc+kjBAkrvtk38RlerAzQxvMzlB4fXpCFCeUAYzJvrnhFtdeyVCDANSjJvOvGYoeKzFA==",
      "cpu": [
        "x64"
      ],
      "license": "MIT",
      "optional": true,
      "os": [
        "linux"
      ],
      "engines": {
        "node": ">=18"
      }
    },
    "node_modules/esbuild/node_modules/@esbuild/netbsd-arm64": {
      "version": "0.25.1",
      "resolved": "https://registry.npmjs.org/@esbuild/netbsd-arm64/-/netbsd-arm64-0.25.1.tgz",
      "integrity": "sha512-O96poM2XGhLtpTh+s4+nP7YCCAfb4tJNRVZHfIE7dgmax+yMP2WgMd2OecBuaATHKTHsLWHQeuaxMRnCsH8+5g==",
      "cpu": [
        "arm64"
      ],
      "license": "MIT",
      "optional": true,
      "os": [
        "netbsd"
      ],
      "engines": {
        "node": ">=18"
      }
    },
    "node_modules/esbuild/node_modules/@esbuild/netbsd-x64": {
      "version": "0.25.1",
      "resolved": "https://registry.npmjs.org/@esbuild/netbsd-x64/-/netbsd-x64-0.25.1.tgz",
      "integrity": "sha512-X53z6uXip6KFXBQ+Krbx25XHV/NCbzryM6ehOAeAil7X7oa4XIq+394PWGnwaSQ2WRA0KI6PUO6hTO5zeF5ijA==",
      "cpu": [
        "x64"
      ],
      "license": "MIT",
      "optional": true,
      "os": [
        "netbsd"
      ],
      "engines": {
        "node": ">=18"
      }
    },
    "node_modules/esbuild/node_modules/@esbuild/openbsd-arm64": {
      "version": "0.25.1",
      "resolved": "https://registry.npmjs.org/@esbuild/openbsd-arm64/-/openbsd-arm64-0.25.1.tgz",
      "integrity": "sha512-Na9T3szbXezdzM/Kfs3GcRQNjHzM6GzFBeU1/6IV/npKP5ORtp9zbQjvkDJ47s6BCgaAZnnnu/cY1x342+MvZg==",
      "cpu": [
        "arm64"
      ],
      "license": "MIT",
      "optional": true,
      "os": [
        "openbsd"
      ],
      "engines": {
        "node": ">=18"
      }
    },
    "node_modules/esbuild/node_modules/@esbuild/openbsd-x64": {
      "version": "0.25.1",
      "resolved": "https://registry.npmjs.org/@esbuild/openbsd-x64/-/openbsd-x64-0.25.1.tgz",
      "integrity": "sha512-T3H78X2h1tszfRSf+txbt5aOp/e7TAz3ptVKu9Oyir3IAOFPGV6O9c2naym5TOriy1l0nNf6a4X5UXRZSGX/dw==",
      "cpu": [
        "x64"
      ],
      "license": "MIT",
      "optional": true,
      "os": [
        "openbsd"
      ],
      "engines": {
        "node": ">=18"
      }
    },
    "node_modules/esbuild/node_modules/@esbuild/sunos-x64": {
      "version": "0.25.1",
      "resolved": "https://registry.npmjs.org/@esbuild/sunos-x64/-/sunos-x64-0.25.1.tgz",
      "integrity": "sha512-2H3RUvcmULO7dIE5EWJH8eubZAI4xw54H1ilJnRNZdeo8dTADEZ21w6J22XBkXqGJbe0+wnNJtw3UXRoLJnFEg==",
      "cpu": [
        "x64"
      ],
      "license": "MIT",
      "optional": true,
      "os": [
        "sunos"
      ],
      "engines": {
        "node": ">=18"
      }
    },
    "node_modules/esbuild/node_modules/@esbuild/win32-arm64": {
      "version": "0.25.1",
      "resolved": "https://registry.npmjs.org/@esbuild/win32-arm64/-/win32-arm64-0.25.1.tgz",
      "integrity": "sha512-GE7XvrdOzrb+yVKB9KsRMq+7a2U/K5Cf/8grVFRAGJmfADr/e/ODQ134RK2/eeHqYV5eQRFxb1hY7Nr15fv1NQ==",
      "cpu": [
        "arm64"
      ],
      "license": "MIT",
      "optional": true,
      "os": [
        "win32"
      ],
      "engines": {
        "node": ">=18"
      }
    },
    "node_modules/esbuild/node_modules/@esbuild/win32-ia32": {
      "version": "0.25.1",
      "resolved": "https://registry.npmjs.org/@esbuild/win32-ia32/-/win32-ia32-0.25.1.tgz",
      "integrity": "sha512-uOxSJCIcavSiT6UnBhBzE8wy3n0hOkJsBOzy7HDAuTDE++1DJMRRVCPGisULScHL+a/ZwdXPpXD3IyFKjA7K8A==",
      "cpu": [
        "ia32"
      ],
      "license": "MIT",
      "optional": true,
      "os": [
        "win32"
      ],
      "engines": {
        "node": ">=18"
      }
    },
    "node_modules/esbuild/node_modules/@esbuild/win32-x64": {
      "version": "0.25.1",
      "resolved": "https://registry.npmjs.org/@esbuild/win32-x64/-/win32-x64-0.25.1.tgz",
      "integrity": "sha512-Y1EQdcfwMSeQN/ujR5VayLOJ1BHaK+ssyk0AEzPjC+t1lITgsnccPqFjb6V+LsTp/9Iov4ysfjxLaGJ9RPtkVg==",
      "cpu": [
        "x64"
      ],
      "license": "MIT",
      "optional": true,
      "os": [
        "win32"
      ],
      "engines": {
        "node": ">=18"
      }
    },
    "node_modules/fsevents": {
      "version": "2.3.3",
      "resolved": "https://registry.npmjs.org/fsevents/-/fsevents-2.3.3.tgz",
      "integrity": "sha512-5xoDfX+fL7faATnagmWPpbFtwh/R77WmMMqqHGS65C3vvB0YHrgF+B1YmZ3441tMj5n63k0212XNoJwzlhffQw==",
      "hasInstallScript": true,
      "license": "MIT",
      "optional": true,
      "os": [
        "darwin"
      ],
      "engines": {
        "node": "^8.16.0 || ^10.6.0 || >=11.0.0"
      }
    },
    "node_modules/ms": {
      "version": "2.1.3",
      "resolved": "https://registry.npmjs.org/ms/-/ms-2.1.3.tgz",
      "integrity": "sha512-6FlzubTLZG3J2a/NVCAleEhjzq5oxgHyaCU9yYXvcLsvoVaHJq/s5xXI6/XXP6tz7R9xAOtHnSO/tXtF3WRTlA==",
      "license": "MIT"
    },
    "node_modules/prettier": {
      "version": "3.5.3",
      "resolved": "https://registry.npmjs.org/prettier/-/prettier-3.5.3.tgz",
      "integrity": "sha512-QQtaxnoDJeAkDvDKWCLiwIXkTgRhwYDEQCghU9Z6q03iyek/rxRh/2lC3HB7P8sWT2xC/y5JDctPLBIGzHKbhw==",
      "dev": true,
      "license": "MIT",
      "bin": {
        "prettier": "bin/prettier.cjs"
      },
      "engines": {
        "node": ">=14"
      },
      "funding": {
        "url": "https://github.com/prettier/prettier?sponsor=1"
      }
    },
    "node_modules/prisma": {
      "version": "6.5.0",
      "resolved": "https://registry.npmjs.org/prisma/-/prisma-6.5.0.tgz",
      "integrity": "sha512-yUGXmWqv5F4PByMSNbYFxke/WbnyTLjnJ5bKr8fLkcnY7U5rU9rUTh/+Fja+gOrRxEgtCbCtca94IeITj4j/pg==",
      "hasInstallScript": true,
      "license": "Apache-2.0",
      "dependencies": {
        "@prisma/config": "6.5.0",
        "@prisma/engines": "6.5.0"
      },
      "bin": {
        "prisma": "build/index.js"
      },
      "engines": {
        "node": ">=18.18"
      },
      "optionalDependencies": {
        "fsevents": "2.3.3"
      },
      "peerDependencies": {
        "typescript": ">=5.1.0"
      },
      "peerDependenciesMeta": {
        "typescript": {
          "optional": true
        }
      }
    },
    "node_modules/turbo": {
      "version": "2.5.0",
      "resolved": "https://registry.npmjs.org/turbo/-/turbo-2.5.0.tgz",
      "integrity": "sha512-PvSRruOsitjy6qdqwIIyolv99+fEn57gP6gn4zhsHTEcCYgXPhv6BAxzAjleS8XKpo+Y582vTTA9nuqYDmbRuA==",
      "dev": true,
      "license": "MIT",
      "bin": {
        "turbo": "bin/turbo"
      },
      "optionalDependencies": {
        "turbo-darwin-64": "2.5.0",
        "turbo-darwin-arm64": "2.5.0",
        "turbo-linux-64": "2.5.0",
        "turbo-linux-arm64": "2.5.0",
        "turbo-windows-64": "2.5.0",
        "turbo-windows-arm64": "2.5.0"
      }
    },
    "node_modules/turbo-darwin-64": {
      "version": "2.5.0",
      "resolved": "https://registry.npmjs.org/turbo-darwin-64/-/turbo-darwin-64-2.5.0.tgz",
      "integrity": "sha512-fP1hhI9zY8hv0idym3hAaXdPi80TLovmGmgZFocVAykFtOxF+GlfIgM/l4iLAV9ObIO4SUXPVWHeBZQQ+Hpjag==",
      "cpu": [
        "x64"
      ],
      "dev": true,
      "license": "MIT",
      "optional": true,
      "os": [
        "darwin"
      ]
    },
    "node_modules/turbo-darwin-arm64": {
      "version": "2.5.0",
      "resolved": "https://registry.npmjs.org/turbo-darwin-arm64/-/turbo-darwin-arm64-2.5.0.tgz",
      "integrity": "sha512-p9sYq7kXH7qeJwIQE86cOWv/xNqvow846l6c/qWc26Ib1ci5W7V0sI5thsrP3eH+VA0d+SHalTKg5SQXgNQBWA==",
      "cpu": [
        "arm64"
      ],
      "dev": true,
      "license": "MIT",
      "optional": true,
      "os": [
        "darwin"
      ]
    },
    "node_modules/turbo-linux-64": {
      "version": "2.5.0",
      "resolved": "https://registry.npmjs.org/turbo-linux-64/-/turbo-linux-64-2.5.0.tgz",
      "integrity": "sha512-1iEln2GWiF3iPPPS1HQJT6ZCFXynJPd89gs9SkggH2EJsj3eRUSVMmMC8y6d7bBbhBFsiGGazwFIYrI12zs6uQ==",
      "cpu": [
        "x64"
      ],
      "dev": true,
      "license": "MIT",
      "optional": true,
      "os": [
        "linux"
      ]
    },
    "node_modules/turbo-linux-arm64": {
      "version": "2.5.0",
      "resolved": "https://registry.npmjs.org/turbo-linux-arm64/-/turbo-linux-arm64-2.5.0.tgz",
      "integrity": "sha512-bKBcbvuQHmsX116KcxHJuAcppiiBOfivOObh2O5aXNER6mce7YDDQJy00xQQNp1DhEfcSV2uOsvb3O3nN2cbcA==",
      "cpu": [
        "arm64"
      ],
      "dev": true,
      "license": "MIT",
      "optional": true,
      "os": [
        "linux"
      ]
    },
    "node_modules/turbo-windows-64": {
      "version": "2.5.0",
      "resolved": "https://registry.npmjs.org/turbo-windows-64/-/turbo-windows-64-2.5.0.tgz",
      "integrity": "sha512-9BCo8oQ7BO7J0K913Czbc3tw8QwLqn2nTe4E47k6aVYkM12ASTScweXPTuaPFP5iYXAT6z5Dsniw704Ixa5eGg==",
      "cpu": [
        "x64"
      ],
      "dev": true,
      "license": "MIT",
      "optional": true,
      "os": [
        "win32"
      ]
    },
    "node_modules/turbo-windows-arm64": {
      "version": "2.5.0",
      "resolved": "https://registry.npmjs.org/turbo-windows-arm64/-/turbo-windows-arm64-2.5.0.tgz",
      "integrity": "sha512-OUHCV+ueXa3UzfZ4co/ueIHgeq9B2K48pZwIxKSm5VaLVuv8M13MhM7unukW09g++dpdrrE1w4IOVgxKZ0/exg==",
      "cpu": [
        "arm64"
      ],
      "dev": true,
      "license": "MIT",
      "optional": true,
      "os": [
        "win32"
      ]
    },
    "node_modules/typescript": {
      "version": "5.7.3",
      "resolved": "https://registry.npmjs.org/typescript/-/typescript-5.7.3.tgz",
      "integrity": "sha512-84MVSjMEHP+FQRPy3pX9sTVV/INIex71s9TL2Gm5FG/WG1SqXeKyZ0k7/blY/4FdOzI12CBy1vGc4og/eus0fw==",
      "devOptional": true,
      "license": "Apache-2.0",
      "bin": {
        "tsc": "bin/tsc",
        "tsserver": "bin/tsserver"
      },
      "engines": {
        "node": ">=14.17"
      }
    },
    "node_modules/zapier": {
      "resolved": "",
      "link": true
    },
    "packages/eslint-config": {
      "name": "@repo/eslint-config",
      "version": "0.0.0",
      "extraneous": true,
      "devDependencies": {
        "@eslint/js": "^9.20.0",
        "@next/eslint-plugin-next": "^15.1.6",
        "eslint": "^9.20.0",
        "eslint-config-prettier": "^10.0.1",
        "eslint-plugin-only-warn": "^1.1.0",
        "eslint-plugin-react": "^7.37.4",
        "eslint-plugin-react-hooks": "^5.1.0",
        "eslint-plugin-turbo": "^2.4.0",
        "globals": "^15.14.0",
        "typescript": "^5.7.3",
        "typescript-eslint": "^8.23.0"
      }
    }
  }
}
